
Microsoft Visual Studio Solution File, Format Version 12.00
# Visual Studio 2012
Project("{FAE04EC0-301F-11D3-BF4B-00C04F79EFBC}") = "SalesEVID", "SalesEVID\SalesEVID.csproj", "{EBD5D358-106A-457D-B806-4E458AA96672}"
EndProject
Global
	GlobalSection(SolutionConfigurationPlatforms) = preSolution
		Debug|Any CPU = Debug|Any CPU
		Release|Any CPU = Release|Any CPU
	EndGlobalSection
	GlobalSection(ProjectConfigurationPlatforms) = postSolution
		{EBD5D358-106A-457D-B806-4E458AA96672}.Debug|Any CPU.ActiveCfg = Debug|Any CPU
		{EBD5D358-106A-457D-B806-4E458AA96672}.Debug|Any CPU.Build.0 = Debug|Any CPU
		{EBD5D358-106A-457D-B806-4E458AA96672}.Release|Any CPU.ActiveCfg = Release|Any CPU
		{EBD5D358-106A-457D-B806-4E458AA96672}.Release|Any CPU.Build.0 = Release|Any CPU
	EndGlobalSection
	GlobalSection(SolutionProperties) = preSolution
		HideSolutionNode = FALSE
	EndGlobalSection
EndGlobal
